
Microsoft Visual Studio Solution File, Format Version 12.00
# Visual Studio Version 17
VisualStudioVersion = 17.10.34928.147
MinimumVisualStudioVersion = 10.0.40219.1
Project("{9A19103F-16F7-4668-BE54-9A1E7A4F7556}") = "LearnApp.Server", "LearnApp.Server\LearnApp.Server.csproj", "{0A644B94-A32B-42CD-A19A-09C96E0E5C76}"
EndProject
Project("{54A90642-561A-4BB1-A94E-469ADEE60C69}") = "learnapp.client", "learnapp.client\learnapp.client.esproj", "{25624682-D16E-4873-BA74-BDFF91E72F2F}"
EndProject
Project("{E53339B2-1760-4266-BCC7-CA923CBCF16C}") = "docker-compose", "docker-compose.dcproj", "{BFECB5AB-F481-4CC1-A135-96A2CD3DC446}"
EndProject
Global
	GlobalSection(SolutionConfigurationPlatforms) = preSolution
		Debug|Any CPU = Debug|Any CPU
		Release|Any CPU = Release|Any CPU
	EndGlobalSection
	GlobalSection(ProjectConfigurationPlatforms) = postSolution
		{0A644B94-A32B-42CD-A19A-09C96E0E5C76}.Debug|Any CPU.ActiveCfg = Debug|Any CPU
		{0A644B94-A32B-42CD-A19A-09C96E0E5C76}.Debug|Any CPU.Build.0 = Debug|Any CPU
		{0A644B94-A32B-42CD-A19A-09C96E0E5C76}.Release|Any CPU.ActiveCfg = Release|Any CPU
		{0A644B94-A32B-42CD-A19A-09C96E0E5C76}.Release|Any CPU.Build.0 = Release|Any CPU
		{25624682-D16E-4873-BA74-BDFF91E72F2F}.Debug|Any CPU.ActiveCfg = Debug|Any CPU
		{25624682-D16E-4873-BA74-BDFF91E72F2F}.Debug|Any CPU.Build.0 = Debug|Any CPU
		{25624682-D16E-4873-BA74-BDFF91E72F2F}.Debug|Any CPU.Deploy.0 = Debug|Any CPU
		{25624682-D16E-4873-BA74-BDFF91E72F2F}.Release|Any CPU.ActiveCfg = Release|Any CPU
		{25624682-D16E-4873-BA74-BDFF91E72F2F}.Release|Any CPU.Build.0 = Release|Any CPU
		{25624682-D16E-4873-BA74-BDFF91E72F2F}.Release|Any CPU.Deploy.0 = Release|Any CPU
		{BFECB5AB-F481-4CC1-A135-96A2CD3DC446}.Debug|Any CPU.ActiveCfg = Debug|Any CPU
		{BFECB5AB-F481-4CC1-A135-96A2CD3DC446}.Debug|Any CPU.Build.0 = Debug|Any CPU
		{BFECB5AB-F481-4CC1-A135-96A2CD3DC446}.Release|Any CPU.ActiveCfg = Release|Any CPU
		{BFECB5AB-F481-4CC1-A135-96A2CD3DC446}.Release|Any CPU.Build.0 = Release|Any CPU
	EndGlobalSection
	GlobalSection(SolutionProperties) = preSolution
		HideSolutionNode = FALSE
	EndGlobalSection
	GlobalSection(ExtensibilityGlobals) = postSolution
		SolutionGuid = {2561CDEE-958B-42BA-A756-BF6067707CB8}
	EndGlobalSection
EndGlobal
